// !$*UTF8*$!
{
	archiveVersion = 1;
	classes = {
	};
	objectVersion = 46;
	objects = {

/* Begin PBXBuildFile section */
		2FA70E5F5E919B01FD6327EC /* Pods_IOGameUITests.framework in Frameworks */ = {isa = PBXBuildFile; fileRef = 7BC73C526CD3D03B565F0DD4 /* Pods_IOGameUITests.framework */; };
		6E6B5EA8A0B1059607C8060C /* Pods_IOGameTests.framework in Frameworks */ = {isa = PBXBuildFile; fileRef = C34D148CAF67647D2C00CAC3 /* Pods_IOGameTests.framework */; };
		8BB7F8391EFB063500837084 /* AppDelegate.swift in Sources */ = {isa = PBXBuildFile; fileRef = 8BB7F8381EFB063500837084 /* AppDelegate.swift */; };
		8BB7F83B1EFB063500837084 /* GameScene.sks in Resources */ = {isa = PBXBuildFile; fileRef = 8BB7F83A1EFB063500837084 /* GameScene.sks */; };
		8BB7F83D1EFB063500837084 /* Actions.sks in Resources */ = {isa = PBXBuildFile; fileRef = 8BB7F83C1EFB063500837084 /* Actions.sks */; };
		8BB7F83F1EFB063500837084 /* GameScene.swift in Sources */ = {isa = PBXBuildFile; fileRef = 8BB7F83E1EFB063500837084 /* GameScene.swift */; };
		8BB7F8411EFB063500837084 /* GameViewController.swift in Sources */ = {isa = PBXBuildFile; fileRef = 8BB7F8401EFB063500837084 /* GameViewController.swift */; };
		8BB7F8441EFB063500837084 /* Main.storyboard in Resources */ = {isa = PBXBuildFile; fileRef = 8BB7F8421EFB063500837084 /* Main.storyboard */; };
		8BB7F8461EFB063500837084 /* Assets.xcassets in Resources */ = {isa = PBXBuildFile; fileRef = 8BB7F8451EFB063500837084 /* Assets.xcassets */; };
		8BB7F8491EFB063500837084 /* LaunchScreen.storyboard in Resources */ = {isa = PBXBuildFile; fileRef = 8BB7F8471EFB063500837084 /* LaunchScreen.storyboard */; };
		8BB7F8541EFB063500837084 /* IOGameTests.swift in Sources */ = {isa = PBXBuildFile; fileRef = 8BB7F8531EFB063500837084 /* IOGameTests.swift */; };
		8BB7F85F1EFB063500837084 /* IOGameUITests.swift in Sources */ = {isa = PBXBuildFile; fileRef = 8BB7F85E1EFB063500837084 /* IOGameUITests.swift */; };
		8BB7F86D1EFB067D00837084 /* GoogleService-Info.plist in Resources */ = {isa = PBXBuildFile; fileRef = 8BB7F86C1EFB067D00837084 /* GoogleService-Info.plist */; };
		F6AFB9E0A0EA0F27469BDB7E /* Pods_IOGame.framework in Frameworks */ = {isa = PBXBuildFile; fileRef = C5506F0C8BFA6E34ADC09D6E /* Pods_IOGame.framework */; };
/* End PBXBuildFile section */

/* Begin PBXContainerItemProxy section */
		8BB7F8501EFB063500837084 /* PBXContainerItemProxy */ = {
			isa = PBXContainerItemProxy;
			containerPortal = 8BB7F82D1EFB063500837084 /* Project object */;
			proxyType = 1;
			remoteGlobalIDString = 8BB7F8341EFB063500837084;
			remoteInfo = IOGame;
		};
		8BB7F85B1EFB063500837084 /* PBXContainerItemProxy */ = {
			isa = PBXContainerItemProxy;
			containerPortal = 8BB7F82D1EFB063500837084 /* Project object */;
			proxyType = 1;
			remoteGlobalIDString = 8BB7F8341EFB063500837084;
			remoteInfo = IOGame;
		};
/* End PBXContainerItemProxy section */

/* Begin PBXFileReference section */
		0F6D7F553D9E23F1900B404B /* Pods-IOGameTests.release.xcconfig */ = {isa = PBXFileReference; includeInIndex = 1; lastKnownFileType = text.xcconfig; name = "Pods-IOGameTests.release.xcconfig"; path = "Pods/Target Support Files/Pods-IOGameTests/Pods-IOGameTests.release.xcconfig"; sourceTree = "<group>"; };
		1B8561BEC2D829488B4EDC39 /* Pods-IOGame.release.xcconfig */ = {isa = PBXFileReference; includeInIndex = 1; lastKnownFileType = text.xcconfig; name = "Pods-IOGame.release.xcconfig"; path = "Pods/Target Support Files/Pods-IOGame/Pods-IOGame.release.xcconfig"; sourceTree = "<group>"; };
		434FC1104ECF5D049AE6FE28 /* Pods-IOGameUITests.debug.xcconfig */ = {isa = PBXFileReference; includeInIndex = 1; lastKnownFileType = text.xcconfig; name = "Pods-IOGameUITests.debug.xcconfig"; path = "Pods/Target Support Files/Pods-IOGameUITests/Pods-IOGameUITests.debug.xcconfig"; sourceTree = "<group>"; };
		51078280E5C39A6D42E90F77 /* Pods-IOGameTests.debug.xcconfig */ = {isa = PBXFileReference; includeInIndex = 1; lastKnownFileType = text.xcconfig; name = "Pods-IOGameTests.debug.xcconfig"; path = "Pods/Target Support Files/Pods-IOGameTests/Pods-IOGameTests.debug.xcconfig"; sourceTree = "<group>"; };
		76C26339A99E031D72AF8926 /* Pods-IOGame.debug.xcconfig */ = {isa = PBXFileReference; includeInIndex = 1; lastKnownFileType = text.xcconfig; name = "Pods-IOGame.debug.xcconfig"; path = "Pods/Target Support Files/Pods-IOGame/Pods-IOGame.debug.xcconfig"; sourceTree = "<group>"; };
		7BC73C526CD3D03B565F0DD4 /* Pods_IOGameUITests.framework */ = {isa = PBXFileReference; explicitFileType = wrapper.framework; includeInIndex = 0; path = Pods_IOGameUITests.framework; sourceTree = BUILT_PRODUCTS_DIR; };
		8BB7F8351EFB063500837084 /* IOGame.app */ = {isa = PBXFileReference; explicitFileType = wrapper.application; includeInIndex = 0; path = IOGame.app; sourceTree = BUILT_PRODUCTS_DIR; };
		8BB7F8381EFB063500837084 /* AppDelegate.swift */ = {isa = PBXFileReference; lastKnownFileType = sourcecode.swift; path = AppDelegate.swift; sourceTree = "<group>"; };
		8BB7F83A1EFB063500837084 /* GameScene.sks */ = {isa = PBXFileReference; lastKnownFileType = file.sks; path = GameScene.sks; sourceTree = "<group>"; };
		8BB7F83C1EFB063500837084 /* Actions.sks */ = {isa = PBXFileReference; lastKnownFileType = file.sks; path = Actions.sks; sourceTree = "<group>"; };
		8BB7F83E1EFB063500837084 /* GameScene.swift */ = {isa = PBXFileReference; lastKnownFileType = sourcecode.swift; path = GameScene.swift; sourceTree = "<group>"; };
		8BB7F8401EFB063500837084 /* GameViewController.swift */ = {isa = PBXFileReference; lastKnownFileType = sourcecode.swift; path = GameViewController.swift; sourceTree = "<group>"; };
		8BB7F8431EFB063500837084 /* Base */ = {isa = PBXFileReference; lastKnownFileType = file.storyboard; name = Base; path = Base.lproj/Main.storyboard; sourceTree = "<group>"; };
		8BB7F8451EFB063500837084 /* Assets.xcassets */ = {isa = PBXFileReference; lastKnownFileType = folder.assetcatalog; path = Assets.xcassets; sourceTree = "<group>"; };
		8BB7F8481EFB063500837084 /* Base */ = {isa = PBXFileReference; lastKnownFileType = file.storyboard; name = Base; path = Base.lproj/LaunchScreen.storyboard; sourceTree = "<group>"; };
		8BB7F84A1EFB063500837084 /* Info.plist */ = {isa = PBXFileReference; lastKnownFileType = text.plist.xml; path = Info.plist; sourceTree = "<group>"; };
		8BB7F84F1EFB063500837084 /* IOGameTests.xctest */ = {isa = PBXFileReference; explicitFileType = wrapper.cfbundle; includeInIndex = 0; path = IOGameTests.xctest; sourceTree = BUILT_PRODUCTS_DIR; };
		8BB7F8531EFB063500837084 /* IOGameTests.swift */ = {isa = PBXFileReference; lastKnownFileType = sourcecode.swift; path = IOGameTests.swift; sourceTree = "<group>"; };
		8BB7F8551EFB063500837084 /* Info.plist */ = {isa = PBXFileReference; lastKnownFileType = text.plist.xml; path = Info.plist; sourceTree = "<group>"; };
		8BB7F85A1EFB063500837084 /* IOGameUITests.xctest */ = {isa = PBXFileReference; explicitFileType = wrapper.cfbundle; includeInIndex = 0; path = IOGameUITests.xctest; sourceTree = BUILT_PRODUCTS_DIR; };
		8BB7F85E1EFB063500837084 /* IOGameUITests.swift */ = {isa = PBXFileReference; lastKnownFileType = sourcecode.swift; path = IOGameUITests.swift; sourceTree = "<group>"; };
		8BB7F8601EFB063500837084 /* Info.plist */ = {isa = PBXFileReference; lastKnownFileType = text.plist.xml; path = Info.plist; sourceTree = "<group>"; };
		8BB7F86C1EFB067D00837084 /* GoogleService-Info.plist */ = {isa = PBXFileReference; fileEncoding = 4; lastKnownFileType = text.plist.xml; path = "GoogleService-Info.plist"; sourceTree = "<group>"; };
		C34D148CAF67647D2C00CAC3 /* Pods_IOGameTests.framework */ = {isa = PBXFileReference; explicitFileType = wrapper.framework; includeInIndex = 0; path = Pods_IOGameTests.framework; sourceTree = BUILT_PRODUCTS_DIR; };
		C5506F0C8BFA6E34ADC09D6E /* Pods_IOGame.framework */ = {isa = PBXFileReference; explicitFileType = wrapper.framework; includeInIndex = 0; path = Pods_IOGame.framework; sourceTree = BUILT_PRODUCTS_DIR; };
		FB4F9ABB62BA847B67FB51EA /* Pods-IOGameUITests.release.xcconfig */ = {isa = PBXFileReference; includeInIndex = 1; lastKnownFileType = text.xcconfig; name = "Pods-IOGameUITests.release.xcconfig"; path = "Pods/Target Support Files/Pods-IOGameUITests/Pods-IOGameUITests.release.xcconfig"; sourceTree = "<group>"; };
/* End PBXFileReference section */

/* Begin PBXFrameworksBuildPhase section */
		8BB7F8321EFB063500837084 /* Frameworks */ = {
			isa = PBXFrameworksBuildPhase;
			buildActionMask = 2147483647;
			files = (
				F6AFB9E0A0EA0F27469BDB7E /* Pods_IOGame.framework in Frameworks */,
			);
			runOnlyForDeploymentPostprocessing = 0;
		};
		8BB7F84C1EFB063500837084 /* Frameworks */ = {
			isa = PBXFrameworksBuildPhase;
			buildActionMask = 2147483647;
			files = (
				6E6B5EA8A0B1059607C8060C /* Pods_IOGameTests.framework in Frameworks */,
			);
			runOnlyForDeploymentPostprocessing = 0;
		};
		8BB7F8571EFB063500837084 /* Frameworks */ = {
			isa = PBXFrameworksBuildPhase;
			buildActionMask = 2147483647;
			files = (
				2FA70E5F5E919B01FD6327EC /* Pods_IOGameUITests.framework in Frameworks */,
			);
			runOnlyForDeploymentPostprocessing = 0;
		};
/* End PBXFrameworksBuildPhase section */

/* Begin PBXGroup section */
		564AF0CD83ABBE91FF00F135 /* Pods */ = {
			isa = PBXGroup;
			children = (
				76C26339A99E031D72AF8926 /* Pods-IOGame.debug.xcconfig */,
				1B8561BEC2D829488B4EDC39 /* Pods-IOGame.release.xcconfig */,
				51078280E5C39A6D42E90F77 /* Pods-IOGameTests.debug.xcconfig */,
				0F6D7F553D9E23F1900B404B /* Pods-IOGameTests.release.xcconfig */,
				434FC1104ECF5D049AE6FE28 /* Pods-IOGameUITests.debug.xcconfig */,
				FB4F9ABB62BA847B67FB51EA /* Pods-IOGameUITests.release.xcconfig */,
			);
			name = Pods;
			sourceTree = "<group>";
		};
		8BB7F82C1EFB063500837084 = {
			isa = PBXGroup;
			children = (
				8BB7F8371EFB063500837084 /* IOGame */,
				8BB7F8521EFB063500837084 /* IOGameTests */,
				8BB7F85D1EFB063500837084 /* IOGameUITests */,
				8BB7F8361EFB063500837084 /* Products */,
				564AF0CD83ABBE91FF00F135 /* Pods */,
				95EE2400240CB506DA8F22C5 /* Frameworks */,
			);
			sourceTree = "<group>";
		};
		8BB7F8361EFB063500837084 /* Products */ = {
			isa = PBXGroup;
			children = (
				8BB7F8351EFB063500837084 /* IOGame.app */,
				8BB7F84F1EFB063500837084 /* IOGameTests.xctest */,
				8BB7F85A1EFB063500837084 /* IOGameUITests.xctest */,
			);
			name = Products;
			sourceTree = "<group>";
		};
		8BB7F8371EFB063500837084 /* IOGame */ = {
			isa = PBXGroup;
			children = (
				8BB7F86C1EFB067D00837084 /* GoogleService-Info.plist */,
				8BB7F8381EFB063500837084 /* AppDelegate.swift */,
				8BB7F83A1EFB063500837084 /* GameScene.sks */,
				8BB7F83C1EFB063500837084 /* Actions.sks */,
				8BB7F83E1EFB063500837084 /* GameScene.swift */,
				8BB7F8401EFB063500837084 /* GameViewController.swift */,
				8BB7F8421EFB063500837084 /* Main.storyboard */,
				8BB7F8451EFB063500837084 /* Assets.xcassets */,
				8BB7F8471EFB063500837084 /* LaunchScreen.storyboard */,
				8BB7F84A1EFB063500837084 /* Info.plist */,
			);
			path = IOGame;
			sourceTree = "<group>";
		};
		8BB7F8521EFB063500837084 /* IOGameTests */ = {
			isa = PBXGroup;
			children = (
				8BB7F8531EFB063500837084 /* IOGameTests.swift */,
				8BB7F8551EFB063500837084 /* Info.plist */,
			);
			path = IOGameTests;
			sourceTree = "<group>";
		};
		8BB7F85D1EFB063500837084 /* IOGameUITests */ = {
			isa = PBXGroup;
			children = (
				8BB7F85E1EFB063500837084 /* IOGameUITests.swift */,
				8BB7F8601EFB063500837084 /* Info.plist */,
			);
			path = IOGameUITests;
			sourceTree = "<group>";
		};
		95EE2400240CB506DA8F22C5 /* Frameworks */ = {
			isa = PBXGroup;
			children = (
				C5506F0C8BFA6E34ADC09D6E /* Pods_IOGame.framework */,
				C34D148CAF67647D2C00CAC3 /* Pods_IOGameTests.framework */,
				7BC73C526CD3D03B565F0DD4 /* Pods_IOGameUITests.framework */,
			);
			name = Frameworks;
			sourceTree = "<group>";
		};
/* End PBXGroup section */

/* Begin PBXNativeTarget section */
		8BB7F8341EFB063500837084 /* IOGame */ = {
			isa = PBXNativeTarget;
			buildConfigurationList = 8BB7F8631EFB063500837084 /* Build configuration list for PBXNativeTarget "IOGame" */;
			buildPhases = (
				EDED0953F6084138CFBEAE7A /* [CP] Check Pods Manifest.lock */,
				8BB7F8311EFB063500837084 /* Sources */,
				8BB7F8321EFB063500837084 /* Frameworks */,
				8BB7F8331EFB063500837084 /* Resources */,
				38FCB64B56FEC09D38456720 /* [CP] Embed Pods Frameworks */,
				7C97EEE698CCB1E452452F3B /* [CP] Copy Pods Resources */,
			);
			buildRules = (
			);
			dependencies = (
			);
			name = IOGame;
			productName = IOGame;
			productReference = 8BB7F8351EFB063500837084 /* IOGame.app */;
			productType = "com.apple.product-type.application";
		};
		8BB7F84E1EFB063500837084 /* IOGameTests */ = {
			isa = PBXNativeTarget;
			buildConfigurationList = 8BB7F8661EFB063500837084 /* Build configuration list for PBXNativeTarget "IOGameTests" */;
			buildPhases = (
				6DF9255144830AFD1FECD9C9 /* [CP] Check Pods Manifest.lock */,
				8BB7F84B1EFB063500837084 /* Sources */,
				8BB7F84C1EFB063500837084 /* Frameworks */,
				8BB7F84D1EFB063500837084 /* Resources */,
				CF59D64DF388ADD143E2B80A /* [CP] Embed Pods Frameworks */,
				681FB21E25E47AFD4740D88E /* [CP] Copy Pods Resources */,
			);
			buildRules = (
			);
			dependencies = (
				8BB7F8511EFB063500837084 /* PBXTargetDependency */,
			);
			name = IOGameTests;
			productName = IOGameTests;
			productReference = 8BB7F84F1EFB063500837084 /* IOGameTests.xctest */;
			productType = "com.apple.product-type.bundle.unit-test";
		};
		8BB7F8591EFB063500837084 /* IOGameUITests */ = {
			isa = PBXNativeTarget;
			buildConfigurationList = 8BB7F8691EFB063500837084 /* Build configuration list for PBXNativeTarget "IOGameUITests" */;
			buildPhases = (
				C373079F88027DCD6E648479 /* [CP] Check Pods Manifest.lock */,
				8BB7F8561EFB063500837084 /* Sources */,
				8BB7F8571EFB063500837084 /* Frameworks */,
				8BB7F8581EFB063500837084 /* Resources */,
				F82AB20A7E046A73702241D2 /* [CP] Embed Pods Frameworks */,
				EADE73C0EF686F8F01DE2A8E /* [CP] Copy Pods Resources */,
			);
			buildRules = (
			);
			dependencies = (
				8BB7F85C1EFB063500837084 /* PBXTargetDependency */,
			);
			name = IOGameUITests;
			productName = IOGameUITests;
			productReference = 8BB7F85A1EFB063500837084 /* IOGameUITests.xctest */;
			productType = "com.apple.product-type.bundle.ui-testing";
		};
/* End PBXNativeTarget section */

/* Begin PBXProject section */
		8BB7F82D1EFB063500837084 /* Project object */ = {
			isa = PBXProject;
			attributes = {
				LastSwiftUpdateCheck = 0830;
				LastUpgradeCheck = 0830;
				ORGANIZATIONNAME = JwitApps;
				TargetAttributes = {
					8BB7F8341EFB063500837084 = {
						CreatedOnToolsVersion = 8.3.3;
						DevelopmentTeam = 349WFX4WJR;
						ProvisioningStyle = Automatic;
					};
					8BB7F84E1EFB063500837084 = {
						CreatedOnToolsVersion = 8.3.3;
						DevelopmentTeam = 349WFX4WJR;
						ProvisioningStyle = Automatic;
						TestTargetID = 8BB7F8341EFB063500837084;
					};
					8BB7F8591EFB063500837084 = {
						CreatedOnToolsVersion = 8.3.3;
						DevelopmentTeam = 349WFX4WJR;
						ProvisioningStyle = Automatic;
						TestTargetID = 8BB7F8341EFB063500837084;
					};
				};
			};
			buildConfigurationList = 8BB7F8301EFB063500837084 /* Build configuration list for PBXProject "IOGame" */;
			compatibilityVersion = "Xcode 3.2";
			developmentRegion = English;
			hasScannedForEncodings = 0;
			knownRegions = (
				en,
				Base,
			);
			mainGroup = 8BB7F82C1EFB063500837084;
			productRefGroup = 8BB7F8361EFB063500837084 /* Products */;
			projectDirPath = "";
			projectRoot = "";
			targets = (
				8BB7F8341EFB063500837084 /* IOGame */,
				8BB7F84E1EFB063500837084 /* IOGameTests */,
				8BB7F8591EFB063500837084 /* IOGameUITests */,
			);
		};
/* End PBXProject section */

/* Begin PBXResourcesBuildPhase section */
		8BB7F8331EFB063500837084 /* Resources */ = {
			isa = PBXResourcesBuildPhase;
			buildActionMask = 2147483647;
			files = (
				8BB7F8441EFB063500837084 /* Main.storyboard in Resources */,
				8BB7F83B1EFB063500837084 /* GameScene.sks in Resources */,
				8BB7F8461EFB063500837084 /* Assets.xcassets in Resources */,
				8BB7F8491EFB063500837084 /* LaunchScreen.storyboard in Resources */,
				8BB7F83D1EFB063500837084 /* Actions.sks in Resources */,
				8BB7F86D1EFB067D00837084 /* GoogleService-Info.plist in Resources */,
			);
			runOnlyForDeploymentPostprocessing = 0;
		};
		8BB7F84D1EFB063500837084 /* Resources */ = {
			isa = PBXResourcesBuildPhase;
			buildActionMask = 2147483647;
			files = (
			);
			runOnlyForDeploymentPostprocessing = 0;
		};
		8BB7F8581EFB063500837084 /* Resources */ = {
			isa = PBXResourcesBuildPhase;
			buildActionMask = 2147483647;
			files = (
			);
			runOnlyForDeploymentPostprocessing = 0;
		};
/* End PBXResourcesBuildPhase section */

/* Begin PBXShellScriptBuildPhase section */
		38FCB64B56FEC09D38456720 /* [CP] Embed Pods Frameworks */ = {
			isa = PBXShellScriptBuildPhase;
			buildActionMask = 2147483647;
			files = (
			);
			inputPaths = (
			);
			name = "[CP] Embed Pods Frameworks";
			outputPaths = (
			);
			runOnlyForDeploymentPostprocessing = 0;
			shellPath = /bin/sh;
			shellScript = "\"${SRCROOT}/Pods/Target Support Files/Pods-IOGame/Pods-IOGame-frameworks.sh\"\n";
			showEnvVarsInLog = 0;
		};
		681FB21E25E47AFD4740D88E /* [CP] Copy Pods Resources */ = {
			isa = PBXShellScriptBuildPhase;
			buildActionMask = 2147483647;
			files = (
			);
			inputPaths = (
			);
			name = "[CP] Copy Pods Resources";
			outputPaths = (
			);
			runOnlyForDeploymentPostprocessing = 0;
			shellPath = /bin/sh;
			shellScript = "\"${SRCROOT}/Pods/Target Support Files/Pods-IOGameTests/Pods-IOGameTests-resources.sh\"\n";
			showEnvVarsInLog = 0;
		};
		6DF9255144830AFD1FECD9C9 /* [CP] Check Pods Manifest.lock */ = {
			isa = PBXShellScriptBuildPhase;
			buildActionMask = 2147483647;
			files = (
			);
			inputPaths = (
			);
			name = "[CP] Check Pods Manifest.lock";
			outputPaths = (
			);
			runOnlyForDeploymentPostprocessing = 0;
			shellPath = /bin/sh;
			shellScript = "diff \"${PODS_PODFILE_DIR_PATH}/Podfile.lock\" \"${PODS_ROOT}/Manifest.lock\" > /dev/null\nif [ $? != 0 ] ; then\n    # print error to STDERR\n    echo \"error: The sandbox is not in sync with the Podfile.lock. Run 'pod install' or update your CocoaPods installation.\" >&2\n    exit 1\nfi\n";
			showEnvVarsInLog = 0;
		};
		7C97EEE698CCB1E452452F3B /* [CP] Copy Pods Resources */ = {
			isa = PBXShellScriptBuildPhase;
			buildActionMask = 2147483647;
			files = (
			);
			inputPaths = (
			);
			name = "[CP] Copy Pods Resources";
			outputPaths = (
			);
			runOnlyForDeploymentPostprocessing = 0;
			shellPath = /bin/sh;
			shellScript = "\"${SRCROOT}/Pods/Target Support Files/Pods-IOGame/Pods-IOGame-resources.sh\"\n";
			showEnvVarsInLog = 0;
		};
		C373079F88027DCD6E648479 /* [CP] Check Pods Manifest.lock */ = {
			isa = PBXShellScriptBuildPhase;
			buildActionMask = 2147483647;
			files = (
			);
			inputPaths = (
			);
			name = "[CP] Check Pods Manifest.lock";
			outputPaths = (
			);
			runOnlyForDeploymentPostprocessing = 0;
			shellPath = /bin/sh;
			shellScript = "diff \"${PODS_PODFILE_DIR_PATH}/Podfile.lock\" \"${PODS_ROOT}/Manifest.lock\" > /dev/null\nif [ $? != 0 ] ; then\n    # print error to STDERR\n    echo \"error: The sandbox is not in sync with the Podfile.lock. Run 'pod install' or update your CocoaPods installation.\" >&2\n    exit 1\nfi\n";
			showEnvVarsInLog = 0;
		};
		CF59D64DF388ADD143E2B80A /* [CP] Embed Pods Frameworks */ = {
			isa = PBXShellScriptBuildPhase;
			buildActionMask = 2147483647;
			files = (
			);
			inputPaths = (
			);
			name = "[CP] Embed Pods Frameworks";
			outputPaths = (
			);
			runOnlyForDeploymentPostprocessing = 0;
			shellPath = /bin/sh;
			shellScript = "\"${SRCROOT}/Pods/Target Support Files/Pods-IOGameTests/Pods-IOGameTests-frameworks.sh\"\n";
			showEnvVarsInLog = 0;
		};
		EADE73C0EF686F8F01DE2A8E /* [CP] Copy Pods Resources */ = {
			isa = PBXShellScriptBuildPhase;
			buildActionMask = 2147483647;
			files = (
			);
			inputPaths = (
			);
			name = "[CP] Copy Pods Resources";
			outputPaths = (
			);
			runOnlyForDeploymentPostprocessing = 0;
			shellPath = /bin/sh;
			shellScript = "\"${SRCROOT}/Pods/Target Support Files/Pods-IOGameUITests/Pods-IOGameUITests-resources.sh\"\n";
			showEnvVarsInLog = 0;
		};
		EDED0953F6084138CFBEAE7A /* [CP] Check Pods Manifest.lock */ = {
			isa = PBXShellScriptBuildPhase;
			buildActionMask = 2147483647;
			files = (
			);
			inputPaths = (
			);
			name = "[CP] Check Pods Manifest.lock";
			outputPaths = (
			);
			runOnlyForDeploymentPostprocessing = 0;
			shellPath = /bin/sh;
			shellScript = "diff \"${PODS_PODFILE_DIR_PATH}/Podfile.lock\" \"${PODS_ROOT}/Manifest.lock\" > /dev/null\nif [ $? != 0 ] ; then\n    # print error to STDERR\n    echo \"error: The sandbox is not in sync with the Podfile.lock. Run 'pod install' or update your CocoaPods installation.\" >&2\n    exit 1\nfi\n";
			showEnvVarsInLog = 0;
		};
		F82AB20A7E046A73702241D2 /* [CP] Embed Pods Frameworks */ = {
			isa = PBXShellScriptBuildPhase;
			buildActionMask = 2147483647;
			files = (
			);
			inputPaths = (
			);
			name = "[CP] Embed Pods Frameworks";
			outputPaths = (
			);
			runOnlyForDeploymentPostprocessing = 0;
			shellPath = /bin/sh;
			shellScript = "\"${SRCROOT}/Pods/Target Support Files/Pods-IOGameUITests/Pods-IOGameUITests-frameworks.sh\"\n";
			showEnvVarsInLog = 0;
		};
/* End PBXShellScriptBuildPhase section */

/* Begin PBXSourcesBuildPhase section */
		8BB7F8311EFB063500837084 /* Sources */ = {
			isa = PBXSourcesBuildPhase;
			buildActionMask = 2147483647;
			files = (
				8BB7F83F1EFB063500837084 /* GameScene.swift in Sources */,
				8BB7F8411EFB063500837084 /* GameViewController.swift in Sources */,
				8BB7F8391EFB063500837084 /* AppDelegate.swift in Sources */,
			);
			runOnlyForDeploymentPostprocessing = 0;
		};
		8BB7F84B1EFB063500837084 /* Sources */ = {
			isa = PBXSourcesBuildPhase;
			buildActionMask = 2147483647;
			files = (
				8BB7F8541EFB063500837084 /* IOGameTests.swift in Sources */,
			);
			runOnlyForDeploymentPostprocessing = 0;
		};
		8BB7F8561EFB063500837084 /* Sources */ = {
			isa = PBXSourcesBuildPhase;
			buildActionMask = 2147483647;
			files = (
				8BB7F85F1EFB063500837084 /* IOGameUITests.swift in Sources */,
			);
			runOnlyForDeploymentPostprocessing = 0;
		};
/* End PBXSourcesBuildPhase section */

/* Begin PBXTargetDependency section */
		8BB7F8511EFB063500837084 /* PBXTargetDependency */ = {
			isa = PBXTargetDependency;
			target = 8BB7F8341EFB063500837084 /* IOGame */;
			targetProxy = 8BB7F8501EFB063500837084 /* PBXContainerItemProxy */;
		};
		8BB7F85C1EFB063500837084 /* PBXTargetDependency */ = {
			isa = PBXTargetDependency;
			target = 8BB7F8341EFB063500837084 /* IOGame */;
			targetProxy = 8BB7F85B1EFB063500837084 /* PBXContainerItemProxy */;
		};
/* End PBXTargetDependency section */

/* Begin PBXVariantGroup section */
		8BB7F8421EFB063500837084 /* Main.storyboard */ = {
			isa = PBXVariantGroup;
			children = (
				8BB7F8431EFB063500837084 /* Base */,
			);
			name = Main.storyboard;
			sourceTree = "<group>";
		};
		8BB7F8471EFB063500837084 /* LaunchScreen.storyboard */ = {
			isa = PBXVariantGroup;
			children = (
				8BB7F8481EFB063500837084 /* Base */,
			);
			name = LaunchScreen.storyboard;
			sourceTree = "<group>";
		};
/* End PBXVariantGroup section */

/* Begin XCBuildConfiguration section */
		8BB7F8611EFB063500837084 /* Debug */ = {
			isa = XCBuildConfiguration;
			buildSettings = {
				ALWAYS_SEARCH_USER_PATHS = NO;
				CLANG_ANALYZER_NONNULL = YES;
				CLANG_ANALYZER_NUMBER_OBJECT_CONVERSION = YES_AGGRESSIVE;
				CLANG_CXX_LANGUAGE_STANDARD = "gnu++0x";
				CLANG_CXX_LIBRARY = "libc++";
				CLANG_ENABLE_MODULES = YES;
				CLANG_ENABLE_OBJC_ARC = YES;
				CLANG_WARN_BOOL_CONVERSION = YES;
				CLANG_WARN_CONSTANT_CONVERSION = YES;
				CLANG_WARN_DIRECT_OBJC_ISA_USAGE = YES_ERROR;
				CLANG_WARN_DOCUMENTATION_COMMENTS = YES;
				CLANG_WARN_EMPTY_BODY = YES;
				CLANG_WARN_ENUM_CONVERSION = YES;
				CLANG_WARN_INFINITE_RECURSION = YES;
				CLANG_WARN_INT_CONVERSION = YES;
				CLANG_WARN_OBJC_ROOT_CLASS = YES_ERROR;
				CLANG_WARN_SUSPICIOUS_MOVE = YES;
				CLANG_WARN_UNREACHABLE_CODE = YES;
				CLANG_WARN__DUPLICATE_METHOD_MATCH = YES;
				"CODE_SIGN_IDENTITY[sdk=iphoneos*]" = "iPhone Developer";
				COPY_PHASE_STRIP = NO;
				DEBUG_INFORMATION_FORMAT = dwarf;
				ENABLE_STRICT_OBJC_MSGSEND = YES;
				ENABLE_TESTABILITY = YES;
				GCC_C_LANGUAGE_STANDARD = gnu99;
				GCC_DYNAMIC_NO_PIC = NO;
				GCC_NO_COMMON_BLOCKS = YES;
				GCC_OPTIMIZATION_LEVEL = 0;
				GCC_PREPROCESSOR_DEFINITIONS = (
					"DEBUG=1",
					"$(inherited)",
				);
				GCC_WARN_64_TO_32_BIT_CONVERSION = YES;
				GCC_WARN_ABOUT_RETURN_TYPE = YES_ERROR;
				GCC_WARN_UNDECLARED_SELECTOR = YES;
				GCC_WARN_UNINITIALIZED_AUTOS = YES_AGGRESSIVE;
				GCC_WARN_UNUSED_FUNCTION = YES;
				GCC_WARN_UNUSED_VARIABLE = YES;
				IPHONEOS_DEPLOYMENT_TARGET = 10.3;
				MTL_ENABLE_DEBUG_INFO = YES;
				ONLY_ACTIVE_ARCH = YES;
				SDKROOT = iphoneos;
				SWIFT_ACTIVE_COMPILATION_CONDITIONS = DEBUG;
				SWIFT_OPTIMIZATION_LEVEL = "-Onone";
				TARGETED_DEVICE_FAMILY = "1,2";
			};
			name = Debug;
		};
		8BB7F8621EFB063500837084 /* Release */ = {
			isa = XCBuildConfiguration;
			buildSettings = {
				ALWAYS_SEARCH_USER_PATHS = NO;
				CLANG_ANALYZER_NONNULL = YES;
				CLANG_ANALYZER_NUMBER_OBJECT_CONVERSION = YES_AGGRESSIVE;
				CLANG_CXX_LANGUAGE_STANDARD = "gnu++0x";
				CLANG_CXX_LIBRARY = "libc++";
				CLANG_ENABLE_MODULES = YES;
				CLANG_ENABLE_OBJC_ARC = YES;
				CLANG_WARN_BOOL_CONVERSION = YES;
				CLANG_WARN_CONSTANT_CONVERSION = YES;
				CLANG_WARN_DIRECT_OBJC_ISA_USAGE = YES_ERROR;
				CLANG_WARN_DOCUMENTATION_COMMENTS = YES;
				CLANG_WARN_EMPTY_BODY = YES;
				CLANG_WARN_ENUM_CONVERSION = YES;
				CLANG_WARN_INFINITE_RECURSION = YES;
				CLANG_WARN_INT_CONVERSION = YES;
				CLANG_WARN_OBJC_ROOT_CLASS = YES_ERROR;
				CLANG_WARN_SUSPICIOUS_MOVE = YES;
				CLANG_WARN_UNREACHABLE_CODE = YES;
				CLANG_WARN__DUPLICATE_METHOD_MATCH = YES;
				"CODE_SIGN_IDENTITY[sdk=iphoneos*]" = "iPhone Developer";
				COPY_PHASE_STRIP = NO;
				DEBUG_INFORMATION_FORMAT = "dwarf-with-dsym";
				ENABLE_NS_ASSERTIONS = NO;
				ENABLE_STRICT_OBJC_MSGSEND = YES;
				GCC_C_LANGUAGE_STANDARD = gnu99;
				GCC_NO_COMMON_BLOCKS = YES;
				GCC_WARN_64_TO_32_BIT_CONVERSION = YES;
				GCC_WARN_ABOUT_RETURN_TYPE = YES_ERROR;
				GCC_WARN_UNDECLARED_SELECTOR = YES;
				GCC_WARN_UNINITIALIZED_AUTOS = YES_AGGRESSIVE;
				GCC_WARN_UNUSED_FUNCTION = YES;
				GCC_WARN_UNUSED_VARIABLE = YES;
				IPHONEOS_DEPLOYMENT_TARGET = 10.3;
				MTL_ENABLE_DEBUG_INFO = NO;
				SDKROOT = iphoneos;
				SWIFT_OPTIMIZATION_LEVEL = "-Owholemodule";
				TARGETED_DEVICE_FAMILY = "1,2";
				VALIDATE_PRODUCT = YES;
			};
			name = Release;
		};
		8BB7F8641EFB063500837084 /* Debug */ = {
			isa = XCBuildConfiguration;
			baseConfigurationReference = 76C26339A99E031D72AF8926 /* Pods-IOGame.debug.xcconfig */;
			buildSettings = {
				ASSETCATALOG_COMPILER_APPICON_NAME = AppIcon;
				DEVELOPMENT_TEAM = 349WFX4WJR;
				INFOPLIST_FILE = IOGame/Info.plist;
				IPHONEOS_DEPLOYMENT_TARGET = 10.3;
				LD_RUNPATH_SEARCH_PATHS = "$(inherited) @executable_path/Frameworks";
				PRODUCT_BUNDLE_IDENTIFIER = com.jwitapps.IOGame;
				PRODUCT_NAME = "$(TARGET_NAME)";
				SWIFT_VERSION = 3.0;
			};
			name = Debug;
		};
		8BB7F8651EFB063500837084 /* Release */ = {
			isa = XCBuildConfiguration;
			baseConfigurationReference = 1B8561BEC2D829488B4EDC39 /* Pods-IOGame.release.xcconfig */;
			buildSettings = {
				ASSETCATALOG_COMPILER_APPICON_NAME = AppIcon;
				DEVELOPMENT_TEAM = 349WFX4WJR;
				INFOPLIST_FILE = IOGame/Info.plist;
				IPHONEOS_DEPLOYMENT_TARGET = 10.3;
				LD_RUNPATH_SEARCH_PATHS = "$(inherited) @executable_path/Frameworks";
				PRODUCT_BUNDLE_IDENTIFIER = com.jwitapps.IOGame;
				PRODUCT_NAME = "$(TARGET_NAME)";
				SWIFT_VERSION = 3.0;
			};
			name = Release;
		};
		8BB7F8671EFB063500837084 /* Debug */ = {
			isa = XCBuildConfiguration;
			baseConfigurationReference = 51078280E5C39A6D42E90F77 /* Pods-IOGameTests.debug.xcconfig */;
			buildSettings = {
				ALWAYS_EMBED_SWIFT_STANDARD_LIBRARIES = YES;
				BUNDLE_LOADER = "$(TEST_HOST)";
				DEVELOPMENT_TEAM = 349WFX4WJR;
				INFOPLIST_FILE = IOGameTests/Info.plist;
				LD_RUNPATH_SEARCH_PATHS = "$(inherited) @executable_path/Frameworks @loader_path/Frameworks";
				PRODUCT_BUNDLE_IDENTIFIER = com.jwitapps.IOGameTests;
				PRODUCT_NAME = "$(TARGET_NAME)";
				SWIFT_VERSION = 3.0;
				TEST_HOST = "$(BUILT_PRODUCTS_DIR)/IOGame.app/IOGame";
			};
			name = Debug;
		};
		8BB7F8681EFB063500837084 /* Release */ = {
			isa = XCBuildConfiguration;
			baseConfigurationReference = 0F6D7F553D9E23F1900B404B /* Pods-IOGameTests.release.xcconfig */;
			buildSettings = {
				ALWAYS_EMBED_SWIFT_STANDARD_LIBRARIES = YES;
				BUNDLE_LOADER = "$(TEST_HOST)";
				DEVELOPMENT_TEAM = 349WFX4WJR;
				INFOPLIST_FILE = IOGameTests/Info.plist;
				LD_RUNPATH_SEARCH_PATHS = "$(inherited) @executable_path/Frameworks @loader_path/Frameworks";
				PRODUCT_BUNDLE_IDENTIFIER = com.jwitapps.IOGameTests;
				PRODUCT_NAME = "$(TARGET_NAME)";
				SWIFT_VERSION = 3.0;
				TEST_HOST = "$(BUILT_PRODUCTS_DIR)/IOGame.app/IOGame";
			};
			name = Release;
		};
		8BB7F86A1EFB063500837084 /* Debug */ = {
			isa = XCBuildConfiguration;
			baseConfigurationReference = 434FC1104ECF5D049AE6FE28 /* Pods-IOGameUITests.debug.xcconfig */;
			buildSettings = {
				ALWAYS_EMBED_SWIFT_STANDARD_LIBRARIES = YES;
				DEVELOPMENT_TEAM = 349WFX4WJR;
				INFOPLIST_FILE = IOGameUITests/Info.plist;
				LD_RUNPATH_SEARCH_PATHS = "$(inherited) @executable_path/Frameworks @loader_path/Frameworks";
				PRODUCT_BUNDLE_IDENTIFIER = com.jwitapps.IOGameUITests;
				PRODUCT_NAME = "$(TARGET_NAME)";
				SWIFT_VERSION = 3.0;
				TEST_TARGET_NAME = IOGame;
			};
			name = Debug;
		};
		8BB7F86B1EFB063500837084 /* Release */ = {
			isa = XCBuildConfiguration;
			baseConfigurationReference = FB4F9ABB62BA847B67FB51EA /* Pods-IOGameUITests.release.xcconfig */;
			buildSettings = {
				ALWAYS_EMBED_SWIFT_STANDARD_LIBRARIES = YES;
				DEVELOPMENT_TEAM = 349WFX4WJR;
				INFOPLIST_FILE = IOGameUITests/Info.plist;
				LD_RUNPATH_SEARCH_PATHS = "$(inherited) @executable_path/Frameworks @loader_path/Frameworks";
				PRODUCT_BUNDLE_IDENTIFIER = com.jwitapps.IOGameUITests;
				PRODUCT_NAME = "$(TARGET_NAME)";
				SWIFT_VERSION = 3.0;
				TEST_TARGET_NAME = IOGame;
			};
			name = Release;
		};
/* End XCBuildConfiguration section */

/* Begin XCConfigurationList section */
		8BB7F8301EFB063500837084 /* Build configuration list for PBXProject "IOGame" */ = {
			isa = XCConfigurationList;
			buildConfigurations = (
				8BB7F8611EFB063500837084 /* Debug */,
				8BB7F8621EFB063500837084 /* Release */,
			);
			defaultConfigurationIsVisible = 0;
			defaultConfigurationName = Release;
		};
		8BB7F8631EFB063500837084 /* Build configuration list for PBXNativeTarget "IOGame" */ = {
			isa = XCConfigurationList;
			buildConfigurations = (
				8BB7F8641EFB063500837084 /* Debug */,
				8BB7F8651EFB063500837084 /* Release */,
			);
			defaultConfigurationIsVisible = 0;
			defaultConfigurationName = Release;
		};
		8BB7F8661EFB063500837084 /* Build configuration list for PBXNativeTarget "IOGameTests" */ = {
			isa = XCConfigurationList;
			buildConfigurations = (
				8BB7F8671EFB063500837084 /* Debug */,
				8BB7F8681EFB063500837084 /* Release */,
			);
			defaultConfigurationIsVisible = 0;
			defaultConfigurationName = Release;
		};
		8BB7F8691EFB063500837084 /* Build configuration list for PBXNativeTarget "IOGameUITests" */ = {
			isa = XCConfigurationList;
			buildConfigurations = (
				8BB7F86A1EFB063500837084 /* Debug */,
				8BB7F86B1EFB063500837084 /* Release */,
			);
			defaultConfigurationIsVisible = 0;
			defaultConfigurationName = Release;
		};
/* End XCConfigurationList section */
	};
	rootObject = 8BB7F82D1EFB063500837084 /* Project object */;
}
